version = 1

[[deps]]
id = "term"
version = "0.1.1"
rev = "e4f0949e04edfeb30a8e4c4df80def1e5012828f"
type = "atom"

[[deps]]
id = "wm"
version = "0.1.1"
rev = "82894264b0b1337d49c35a05af98eacec861074d"
type = "atom"

[[deps]]
id = "nix"
path = "../nix"
version = "0.1.2"
rev = "bca8295431846ed43bdbe9d95a8b8958785245e6"
type = "atom"

[[deps]]
name = "hm-config"
from = "nix"
get = "hm-module"
path = "modules"
type = "pin"

