version = 1

[[deps]]
id = "nix"
version = "0.1.2"
rev = "bca8295431846ed43bdbe9d95a8b8958785245e6"
type = "atom"

[[deps]]
name = "foks"
url = "https://raw.githubusercontent.com/NixOS/nixpkgs/393d5e815a19acad8a28fc4b27085e42c483b4f6/pkgs/by-name/fo/foks/package.nix"
type = "pin"
checksum = "sha256:1spc2lsx16xy612lg8rsyd34j9fy6kmspxcvcfmawkxmyvi32g9v"
