version = 1

[[deps]]
id = "term"
version = "0.1.1"
rev = "e4f0949e04edfeb30a8e4c4df80def1e5012828f"
type = "atom"

[[deps]]
id = "wm"
version = "0.1.1"
rev = "82894264b0b1337d49c35a05af98eacec861074d"
type = "atom"

[[deps]]
id = "nix"
version = "0.1.1"
rev = ""
type = "atom"

[[deps]]
name = "hm-config"
url = "https://github.com/nix-community/home-manager.git"
rev = "d0300c8808e41da81d6edfc202f3d3833c157daf"
path = "modules"
type = "pin+git"

