version = 1

[[deps]]
name = "nixpkgs"
url = "https://github.com/nixos/nixpkgs.git"
rev = "b1bebd0fe266bbd1820019612ead889e96a8fa2d"

[[deps]]
id = "term"
version = "0.1.0"
rev = "1b904ce97a160a3a1ad6b9f2cf6bcdbd41d71869"
url = "https://github.com/nrdxp/home.git"

[[deps]]
id = "wm"
version = "0.1.0"

[[deps]]
name = "hm-config"
url = "https://github.com/nix-community/home-manager.git"
rev = "ae755329092c87369b9e9a1510a8cf1ce2b1c708"
path = "modules"
