# This file is automatically @generated by eka.
# It is not intended for manual editing.
version = 1

[sets.68b63bd131acd23bdfd57983fe85ba7c092ce02f]
tag = "atom"
mirrors = ["https://github.com/ekala-project/atom"]

[sets.f9a488b7db85be544ff5c5aaaaf7af0eaee72ad5]
tag = "home"
mirrors = [
    "::",
    "https://github.com/nrdxp/home",
]

[locker]
label = "nix-lock"
version = "0.1.4"
set = "4abbd2644bc3585e9be95deb277ccf48f6ed26ac"
rev = "5656fcf8d0d96ff9c10c2256e61e9798508080f6"
mirror = "https://github.com/ekala-project/eka"
id = "r3rlam6bd31t9i04ggug7avs8vf8981q7a3b6gobemk1gfs50qm0"

[compose]
use = "atom"
label = "atom-nix"
version = "0.4.4"
set = "68b63bd131acd23bdfd57983fe85ba7c092ce02f"
rev = "f26bc47d27643580d14262c17533332f29e225b4"
mirror = "https://github.com/ekala-project/atom"
id = "r9ilp2p4bpkup8bejuqrg042m6ohc0rtcn2fks94otlrhnquhnv0"
entry = "."

[[deps]]
type = "atom"
label = "nix"
version = "0.1.0"
set = "f9a488b7db85be544ff5c5aaaaf7af0eaee72ad5"
rev = "368058a97486092b6ad2ea3b078f6bdf49030e62"
mirror = "https://github.com/nrdxp/home"
id = "7rdvqdevk7v7nn96ehq775i3shdahg8psesqh1bnnra5hre1k3b0"

[[deps]]
type = "nix"
name = "foks"
url = "https://raw.githubusercontent.com/NixOS/nixpkgs/393d5e815a19acad8a28fc4b27085e42c483b4f6/pkgs/by-name/fo/foks/package.nix"
hash = "sha256-Oz0x4va1T66qY5v1q+s03iVJRvM6o0dFML6b0DUV7Oo="
